
Microsoft Visual Studio Solution File, Format Version 12.00
# Visual Studio Version 17
VisualStudioVersion = 17.2.32526.322
MinimumVisualStudioVersion = 10.0.40219.1
Project("{2150E333-8FDC-42A3-9474-1A3956D46DE8}") = "00.Framewrok", "00.Framewrok", "{9F9EA84E-677B-4320-B96F-389C256E77E0}"
EndProject
Project("{2150E333-8FDC-42A3-9474-1A3956D46DE8}") = "01.Domain", "01.Domain", "{C12760E5-190D-49E5-BAE8-0395D607667C}"
EndProject
Project("{2150E333-8FDC-42A3-9474-1A3956D46DE8}") = "02.Infrastructure", "02.Infrastructure", "{9DC875A0-7002-4304-A0D6-446C62D21FB1}"
EndProject
Project("{2150E333-8FDC-42A3-9474-1A3956D46DE8}") = "03.Endpoint", "03.Endpoint", "{F2F9ECEF-1672-43B7-876B-1504A65C83E8}"
EndProject
Project("{FAE04EC0-301F-11D3-BF4B-00C04F79EFBC}") = "Framework", "Framework\Framework.csproj", "{B9E99968-D136-4646-A347-A113F2A3C34F}"
EndProject
Project("{2150E333-8FDC-42A3-9474-1A3956D46DE8}") = "Core", "Core", "{4B288D2B-F889-4B26-951B-AE0753564AB1}"
EndProject
Project("{2150E333-8FDC-42A3-9474-1A3956D46DE8}") = "Services", "Services", "{CE29AA6A-53C4-41B6-83DE-C3B6A097F17F}"
EndProject
Project("{FAE04EC0-301F-11D3-BF4B-00C04F79EFBC}") = "HS.Domain.Core", "HS.Domain.Core\HS.Domain.Core.csproj", "{75425209-3608-4DF5-8CDC-5C54C148AED8}"
EndProject
Project("{FAE04EC0-301F-11D3-BF4B-00C04F79EFBC}") = "HS.Domain.Services", "HS.Domain.Services\HS.Domain.Services.csproj", "{41690AF1-37D0-4719-8724-CEE3E03C1766}"
EndProject
Project("{FAE04EC0-301F-11D3-BF4B-00C04F79EFBC}") = "HS.Domain.AppServices", "HS.Domain.AppServices\HS.Domain.AppServices.csproj", "{2D1CBA3A-0861-4E67-AE72-1D764C847878}"
EndProject
Project("{FAE04EC0-301F-11D3-BF4B-00C04F79EFBC}") = "HS.Infrastructures.Database.Repos.Ef", "HS.Infrastructures.Database.Repos.Ef\HS.Infrastructures.Database.Repos.Ef.csproj", "{A65BB68B-CFEE-42FC-8160-550D406D575D}"
EndProject
Project("{FAE04EC0-301F-11D3-BF4B-00C04F79EFBC}") = "HS.Infrastructures.Database.SqlServer", "HS.Infrastructures.Database.SqlServer\HS.Infrastructures.Database.SqlServer.csproj", "{A3242EBA-52A3-4461-8256-604F70106F61}"
EndProject
Project("{FAE04EC0-301F-11D3-BF4B-00C04F79EFBC}") = "HS.EndPoints.Api", "HS.EndPoints.Api\HS.EndPoints.Api.csproj", "{BBC75A4F-B997-418B-8BEC-AED556FFCBB7}"
EndProject
Project("{FAE04EC0-301F-11D3-BF4B-00C04F79EFBC}") = "HS.EndPoints.RazorPages.ShopUI", "HS.EndPoints.RazorPages.ShopUI\HS.EndPoints.RazorPages.ShopUI.csproj", "{9ADD4D08-EE17-425F-A9FF-3BE29B1D27E9}"
EndProject
Global
	GlobalSection(SolutionConfigurationPlatforms) = preSolution
		Debug|Any CPU = Debug|Any CPU
		Release|Any CPU = Release|Any CPU
	EndGlobalSection
	GlobalSection(ProjectConfigurationPlatforms) = postSolution
		{B9E99968-D136-4646-A347-A113F2A3C34F}.Debug|Any CPU.ActiveCfg = Debug|Any CPU
		{B9E99968-D136-4646-A347-A113F2A3C34F}.Debug|Any CPU.Build.0 = Debug|Any CPU
		{B9E99968-D136-4646-A347-A113F2A3C34F}.Release|Any CPU.ActiveCfg = Release|Any CPU
		{B9E99968-D136-4646-A347-A113F2A3C34F}.Release|Any CPU.Build.0 = Release|Any CPU
		{75425209-3608-4DF5-8CDC-5C54C148AED8}.Debug|Any CPU.ActiveCfg = Debug|Any CPU
		{75425209-3608-4DF5-8CDC-5C54C148AED8}.Debug|Any CPU.Build.0 = Debug|Any CPU
		{75425209-3608-4DF5-8CDC-5C54C148AED8}.Release|Any CPU.ActiveCfg = Release|Any CPU
		{75425209-3608-4DF5-8CDC-5C54C148AED8}.Release|Any CPU.Build.0 = Release|Any CPU
		{41690AF1-37D0-4719-8724-CEE3E03C1766}.Debug|Any CPU.ActiveCfg = Debug|Any CPU
		{41690AF1-37D0-4719-8724-CEE3E03C1766}.Debug|Any CPU.Build.0 = Debug|Any CPU
		{41690AF1-37D0-4719-8724-CEE3E03C1766}.Release|Any CPU.ActiveCfg = Release|Any CPU
		{41690AF1-37D0-4719-8724-CEE3E03C1766}.Release|Any CPU.Build.0 = Release|Any CPU
		{2D1CBA3A-0861-4E67-AE72-1D764C847878}.Debug|Any CPU.ActiveCfg = Debug|Any CPU
		{2D1CBA3A-0861-4E67-AE72-1D764C847878}.Debug|Any CPU.Build.0 = Debug|Any CPU
		{2D1CBA3A-0861-4E67-AE72-1D764C847878}.Release|Any CPU.ActiveCfg = Release|Any CPU
		{2D1CBA3A-0861-4E67-AE72-1D764C847878}.Release|Any CPU.Build.0 = Release|Any CPU
		{A65BB68B-CFEE-42FC-8160-550D406D575D}.Debug|Any CPU.ActiveCfg = Debug|Any CPU
		{A65BB68B-CFEE-42FC-8160-550D406D575D}.Debug|Any CPU.Build.0 = Debug|Any CPU
		{A65BB68B-CFEE-42FC-8160-550D406D575D}.Release|Any CPU.ActiveCfg = Release|Any CPU
		{A65BB68B-CFEE-42FC-8160-550D406D575D}.Release|Any CPU.Build.0 = Release|Any CPU
		{A3242EBA-52A3-4461-8256-604F70106F61}.Debug|Any CPU.ActiveCfg = Debug|Any CPU
		{A3242EBA-52A3-4461-8256-604F70106F61}.Debug|Any CPU.Build.0 = Debug|Any CPU
		{A3242EBA-52A3-4461-8256-604F70106F61}.Release|Any CPU.ActiveCfg = Release|Any CPU
		{A3242EBA-52A3-4461-8256-604F70106F61}.Release|Any CPU.Build.0 = Release|Any CPU
		{BBC75A4F-B997-418B-8BEC-AED556FFCBB7}.Debug|Any CPU.ActiveCfg = Debug|Any CPU
		{BBC75A4F-B997-418B-8BEC-AED556FFCBB7}.Debug|Any CPU.Build.0 = Debug|Any CPU
		{BBC75A4F-B997-418B-8BEC-AED556FFCBB7}.Release|Any CPU.ActiveCfg = Release|Any CPU
		{BBC75A4F-B997-418B-8BEC-AED556FFCBB7}.Release|Any CPU.Build.0 = Release|Any CPU
		{9ADD4D08-EE17-425F-A9FF-3BE29B1D27E9}.Debug|Any CPU.ActiveCfg = Debug|Any CPU
		{9ADD4D08-EE17-425F-A9FF-3BE29B1D27E9}.Debug|Any CPU.Build.0 = Debug|Any CPU
		{9ADD4D08-EE17-425F-A9FF-3BE29B1D27E9}.Release|Any CPU.ActiveCfg = Release|Any CPU
		{9ADD4D08-EE17-425F-A9FF-3BE29B1D27E9}.Release|Any CPU.Build.0 = Release|Any CPU
	EndGlobalSection
	GlobalSection(SolutionProperties) = preSolution
		HideSolutionNode = FALSE
	EndGlobalSection
	GlobalSection(NestedProjects) = preSolution
		{B9E99968-D136-4646-A347-A113F2A3C34F} = {9F9EA84E-677B-4320-B96F-389C256E77E0}
		{4B288D2B-F889-4B26-951B-AE0753564AB1} = {C12760E5-190D-49E5-BAE8-0395D607667C}
		{CE29AA6A-53C4-41B6-83DE-C3B6A097F17F} = {C12760E5-190D-49E5-BAE8-0395D607667C}
		{75425209-3608-4DF5-8CDC-5C54C148AED8} = {4B288D2B-F889-4B26-951B-AE0753564AB1}
		{41690AF1-37D0-4719-8724-CEE3E03C1766} = {CE29AA6A-53C4-41B6-83DE-C3B6A097F17F}
		{2D1CBA3A-0861-4E67-AE72-1D764C847878} = {CE29AA6A-53C4-41B6-83DE-C3B6A097F17F}
		{A65BB68B-CFEE-42FC-8160-550D406D575D} = {9DC875A0-7002-4304-A0D6-446C62D21FB1}
		{A3242EBA-52A3-4461-8256-604F70106F61} = {9DC875A0-7002-4304-A0D6-446C62D21FB1}
		{BBC75A4F-B997-418B-8BEC-AED556FFCBB7} = {F2F9ECEF-1672-43B7-876B-1504A65C83E8}
		{9ADD4D08-EE17-425F-A9FF-3BE29B1D27E9} = {F2F9ECEF-1672-43B7-876B-1504A65C83E8}
	EndGlobalSection
	GlobalSection(ExtensibilityGlobals) = postSolution
		SolutionGuid = {64535C2D-064D-4635-B967-1B4BCF9D0DAF}
	EndGlobalSection
EndGlobal
